
Microsoft Visual Studio Solution File, Format Version 12.00
# Visual Studio Version 16
VisualStudioVersion = 16.0.31729.503
MinimumVisualStudioVersion = 10.0.40219.1
Project("{FAE04EC0-301F-11D3-BF4B-00C04F79EFBC}") = "MathStatistic", "MathStatistic.csproj", "{B25AE320-A499-4ADF-ACF3-5FE8FC62D58E}"
EndProject
Global
	GlobalSection(SolutionConfigurationPlatforms) = preSolution
		Debug|Any CPU = Debug|Any CPU
		Release|Any CPU = Release|Any CPU
	EndGlobalSection
	GlobalSection(ProjectConfigurationPlatforms) = postSolution
		{B25AE320-A499-4ADF-ACF3-5FE8FC62D58E}.Debug|Any CPU.ActiveCfg = Debug|Any CPU
		{B25AE320-A499-4ADF-ACF3-5FE8FC62D58E}.Debug|Any CPU.Build.0 = Debug|Any CPU
		{B25AE320-A499-4ADF-ACF3-5FE8FC62D58E}.Release|Any CPU.ActiveCfg = Release|Any CPU
		{B25AE320-A499-4ADF-ACF3-5FE8FC62D58E}.Release|Any CPU.Build.0 = Release|Any CPU
	EndGlobalSection
	GlobalSection(SolutionProperties) = preSolution
		HideSolutionNode = FALSE
	EndGlobalSection
	GlobalSection(ExtensibilityGlobals) = postSolution
		SolutionGuid = {694F3D5E-8427-43BC-928F-1DEA9876559E}
	EndGlobalSection
EndGlobal
